
Microsoft Visual Studio Solution File, Format Version 12.00
# Visual Studio 15
VisualStudioVersion = 15.0.27130.2003
MinimumVisualStudioVersion = 10.0.40219.1
Project("{8BC9CEB8-8B4A-11D0-8D11-00A0C91BC942}") = "WinPCK", "WinPCK\WinPCK_2017.vcxproj", "{F18C7029-296A-4535-BD60-6D561C7E6DA7}"
	ProjectSection(ProjectDependencies) = postProject
		{B2803419-FDEC-4F7D-B00C-E002D6AB5F56} = {B2803419-FDEC-4F7D-B00C-E002D6AB5F56}
	EndProjectSection
EndProject
Project("{8BC9CEB8-8B4A-11D0-8D11-00A0C91BC942}") = "base64", "base64\base64_2017.vcxproj", "{4526FFBA-6CEE-4C01-8D22-535617FE88E5}"
EndProject
Project("{8BC9CEB8-8B4A-11D0-8D11-00A0C91BC942}") = "zlib", "zlib\zlib_2017.vcxproj", "{1D5981BC-51AF-4748-9EF6-9458E10ABBA4}"
EndProject
Project("{8BC9CEB8-8B4A-11D0-8D11-00A0C91BC942}") = "libdeflate", "libdeflate\libdeflate_2017.vcxproj", "{2A3F22C4-D534-497B-82FC-F92A634FB20F}"
EndProject
Project("{2150E333-8FDC-42A3-9474-1A3956D46DE8}") = "GUI", "GUI", "{084C7049-8BAF-4548-8ED0-7C78F361E19C}"
EndProject
Project("{2150E333-8FDC-42A3-9474-1A3956D46DE8}") = "DLL", "DLL", "{EF67BA1B-45E1-4D6F-808E-344FE5A39460}"
EndProject
Project("{8BC9CEB8-8B4A-11D0-8D11-00A0C91BC942}") = "pckdll", "PckDll\WinPCK_dll.vcxproj", "{B2803419-FDEC-4F7D-B00C-E002D6AB5F56}"
EndProject
Project("{2150E333-8FDC-42A3-9474-1A3956D46DE8}") = "dlltester", "dlltester", "{E82CBBB2-8E3E-408E-A181-8D87A008DAA6}"
EndProject
Project("{8BC9CEB8-8B4A-11D0-8D11-00A0C91BC942}") = "dlltester", "dlltester\dlltester.vcxproj", "{F59978B6-FD55-48B1-9914-5AAD0FA56325}"
EndProject
Global
	GlobalSection(SolutionConfigurationPlatforms) = preSolution
		Debug|Win32 = Debug|Win32
		Debug|x64 = Debug|x64
		Release_static|Win32 = Release_static|Win32
		Release_static|x64 = Release_static|x64
		Release|Win32 = Release|Win32
		Release|x64 = Release|x64
	EndGlobalSection
	GlobalSection(ProjectConfigurationPlatforms) = postSolution
		{F18C7029-296A-4535-BD60-6D561C7E6DA7}.Debug|Win32.ActiveCfg = Debug|Win32
		{F18C7029-296A-4535-BD60-6D561C7E6DA7}.Debug|Win32.Build.0 = Debug|Win32
		{F18C7029-296A-4535-BD60-6D561C7E6DA7}.Debug|x64.ActiveCfg = Debug|x64
		{F18C7029-296A-4535-BD60-6D561C7E6DA7}.Debug|x64.Build.0 = Debug|x64
		{F18C7029-296A-4535-BD60-6D561C7E6DA7}.Release_static|Win32.ActiveCfg = Release_static|Win32
		{F18C7029-296A-4535-BD60-6D561C7E6DA7}.Release_static|Win32.Build.0 = Release_static|Win32
		{F18C7029-296A-4535-BD60-6D561C7E6DA7}.Release_static|x64.ActiveCfg = Release_static|x64
		{F18C7029-296A-4535-BD60-6D561C7E6DA7}.Release_static|x64.Build.0 = Release_static|x64
		{F18C7029-296A-4535-BD60-6D561C7E6DA7}.Release|Win32.ActiveCfg = Release|Win32
		{F18C7029-296A-4535-BD60-6D561C7E6DA7}.Release|Win32.Build.0 = Release|Win32
		{F18C7029-296A-4535-BD60-6D561C7E6DA7}.Release|x64.ActiveCfg = Release|x64
		{F18C7029-296A-4535-BD60-6D561C7E6DA7}.Release|x64.Build.0 = Release|x64
		{4526FFBA-6CEE-4C01-8D22-535617FE88E5}.Debug|Win32.ActiveCfg = Debug|Win32
		{4526FFBA-6CEE-4C01-8D22-535617FE88E5}.Debug|Win32.Build.0 = Debug|Win32
		{4526FFBA-6CEE-4C01-8D22-535617FE88E5}.Debug|x64.ActiveCfg = Debug|x64
		{4526FFBA-6CEE-4C01-8D22-535617FE88E5}.Debug|x64.Build.0 = Debug|x64
		{4526FFBA-6CEE-4C01-8D22-535617FE88E5}.Release_static|Win32.ActiveCfg = Release|Win32
		{4526FFBA-6CEE-4C01-8D22-535617FE88E5}.Release_static|Win32.Build.0 = Release|Win32
		{4526FFBA-6CEE-4C01-8D22-535617FE88E5}.Release_static|x64.ActiveCfg = Release|x64
		{4526FFBA-6CEE-4C01-8D22-535617FE88E5}.Release_static|x64.Build.0 = Release|x64
		{4526FFBA-6CEE-4C01-8D22-535617FE88E5}.Release|Win32.ActiveCfg = Release|Win32
		{4526FFBA-6CEE-4C01-8D22-535617FE88E5}.Release|Win32.Build.0 = Release|Win32
		{4526FFBA-6CEE-4C01-8D22-535617FE88E5}.Release|x64.ActiveCfg = Release|x64
		{4526FFBA-6CEE-4C01-8D22-535617FE88E5}.Release|x64.Build.0 = Release|x64
		{1D5981BC-51AF-4748-9EF6-9458E10ABBA4}.Debug|Win32.ActiveCfg = Debug|Win32
		{1D5981BC-51AF-4748-9EF6-9458E10ABBA4}.Debug|Win32.Build.0 = Debug|Win32
		{1D5981BC-51AF-4748-9EF6-9458E10ABBA4}.Debug|x64.ActiveCfg = Debug|x64
		{1D5981BC-51AF-4748-9EF6-9458E10ABBA4}.Debug|x64.Build.0 = Debug|x64
		{1D5981BC-51AF-4748-9EF6-9458E10ABBA4}.Release_static|Win32.ActiveCfg = Release|Win32
		{1D5981BC-51AF-4748-9EF6-9458E10ABBA4}.Release_static|Win32.Build.0 = Release|Win32
		{1D5981BC-51AF-4748-9EF6-9458E10ABBA4}.Release_static|x64.ActiveCfg = Release|x64
		{1D5981BC-51AF-4748-9EF6-9458E10ABBA4}.Release_static|x64.Build.0 = Release|x64
		{1D5981BC-51AF-4748-9EF6-9458E10ABBA4}.Release|Win32.ActiveCfg = Release|Win32
		{1D5981BC-51AF-4748-9EF6-9458E10ABBA4}.Release|Win32.Build.0 = Release|Win32
		{1D5981BC-51AF-4748-9EF6-9458E10ABBA4}.Release|x64.ActiveCfg = Release|x64
		{1D5981BC-51AF-4748-9EF6-9458E10ABBA4}.Release|x64.Build.0 = Release|x64
		{2A3F22C4-D534-497B-82FC-F92A634FB20F}.Debug|Win32.ActiveCfg = Debug|Win32
		{2A3F22C4-D534-497B-82FC-F92A634FB20F}.Debug|Win32.Build.0 = Debug|Win32
		{2A3F22C4-D534-497B-82FC-F92A634FB20F}.Debug|x64.ActiveCfg = Debug|x64
		{2A3F22C4-D534-497B-82FC-F92A634FB20F}.Debug|x64.Build.0 = Debug|x64
		{2A3F22C4-D534-497B-82FC-F92A634FB20F}.Release_static|Win32.ActiveCfg = Release|Win32
		{2A3F22C4-D534-497B-82FC-F92A634FB20F}.Release_static|Win32.Build.0 = Release|Win32
		{2A3F22C4-D534-497B-82FC-F92A634FB20F}.Release_static|x64.ActiveCfg = Release|x64
		{2A3F22C4-D534-497B-82FC-F92A634FB20F}.Release_static|x64.Build.0 = Release|x64
		{2A3F22C4-D534-497B-82FC-F92A634FB20F}.Release|Win32.ActiveCfg = Release|Win32
		{2A3F22C4-D534-497B-82FC-F92A634FB20F}.Release|Win32.Build.0 = Release|Win32
		{2A3F22C4-D534-497B-82FC-F92A634FB20F}.Release|x64.ActiveCfg = Release|x64
		{2A3F22C4-D534-497B-82FC-F92A634FB20F}.Release|x64.Build.0 = Release|x64
		{B2803419-FDEC-4F7D-B00C-E002D6AB5F56}.Debug|Win32.ActiveCfg = Debug|Win32
		{B2803419-FDEC-4F7D-B00C-E002D6AB5F56}.Debug|Win32.Build.0 = Debug|Win32
		{B2803419-FDEC-4F7D-B00C-E002D6AB5F56}.Debug|x64.ActiveCfg = Debug|x64
		{B2803419-FDEC-4F7D-B00C-E002D6AB5F56}.Debug|x64.Build.0 = Debug|x64
		{B2803419-FDEC-4F7D-B00C-E002D6AB5F56}.Release_static|Win32.ActiveCfg = Release_static|Win32
		{B2803419-FDEC-4F7D-B00C-E002D6AB5F56}.Release_static|Win32.Build.0 = Release_static|Win32
		{B2803419-FDEC-4F7D-B00C-E002D6AB5F56}.Release_static|x64.ActiveCfg = Release_static|x64
		{B2803419-FDEC-4F7D-B00C-E002D6AB5F56}.Release_static|x64.Build.0 = Release_static|x64
		{B2803419-FDEC-4F7D-B00C-E002D6AB5F56}.Release|Win32.ActiveCfg = Release|Win32
		{B2803419-FDEC-4F7D-B00C-E002D6AB5F56}.Release|Win32.Build.0 = Release|Win32
		{B2803419-FDEC-4F7D-B00C-E002D6AB5F56}.Release|x64.ActiveCfg = Release|x64
		{B2803419-FDEC-4F7D-B00C-E002D6AB5F56}.Release|x64.Build.0 = Release|x64
		{F59978B6-FD55-48B1-9914-5AAD0FA56325}.Debug|Win32.ActiveCfg = Debug|Win32
		{F59978B6-FD55-48B1-9914-5AAD0FA56325}.Debug|Win32.Build.0 = Debug|Win32
		{F59978B6-FD55-48B1-9914-5AAD0FA56325}.Debug|x64.ActiveCfg = Debug|x64
		{F59978B6-FD55-48B1-9914-5AAD0FA56325}.Debug|x64.Build.0 = Debug|x64
		{F59978B6-FD55-48B1-9914-5AAD0FA56325}.Release_static|Win32.ActiveCfg = Release|Win32
		{F59978B6-FD55-48B1-9914-5AAD0FA56325}.Release_static|Win32.Build.0 = Release|Win32
		{F59978B6-FD55-48B1-9914-5AAD0FA56325}.Release_static|x64.ActiveCfg = Release|x64
		{F59978B6-FD55-48B1-9914-5AAD0FA56325}.Release_static|x64.Build.0 = Release|x64
		{F59978B6-FD55-48B1-9914-5AAD0FA56325}.Release|Win32.ActiveCfg = Release|Win32
		{F59978B6-FD55-48B1-9914-5AAD0FA56325}.Release|Win32.Build.0 = Release|Win32
		{F59978B6-FD55-48B1-9914-5AAD0FA56325}.Release|x64.ActiveCfg = Release|x64
		{F59978B6-FD55-48B1-9914-5AAD0FA56325}.Release|x64.Build.0 = Release|x64
	EndGlobalSection
	GlobalSection(SolutionProperties) = preSolution
		HideSolutionNode = FALSE
	EndGlobalSection
	GlobalSection(NestedProjects) = preSolution
		{F18C7029-296A-4535-BD60-6D561C7E6DA7} = {084C7049-8BAF-4548-8ED0-7C78F361E19C}
		{B2803419-FDEC-4F7D-B00C-E002D6AB5F56} = {EF67BA1B-45E1-4D6F-808E-344FE5A39460}
		{F59978B6-FD55-48B1-9914-5AAD0FA56325} = {E82CBBB2-8E3E-408E-A181-8D87A008DAA6}
	EndGlobalSection
	GlobalSection(ExtensibilityGlobals) = postSolution
		SolutionGuid = {3C8FE2B0-380D-4C31-A5AB-B81C480F49D8}
	EndGlobalSection
EndGlobal
