<?xml version="1.0" encoding="utf-8"?>
<Project ToolsVersion="4.0" xmlns="http://schemas.microsoft.com/developer/msbuild/2003">
  <ItemGroup>
    <Filter Include="源文件">
      <UniqueIdentifier>{4FC737F1-C7A5-4376-A066-2A32D752A2FF}</UniqueIdentifier>
      <Extensions>cpp;c;cc;cxx;def;odl;idl;hpj;bat;asm;asmx</Extensions>
    </Filter>
    <Filter Include="头文件">
      <UniqueIdentifier>{93995380-89BD-4b04-88EB-625FBE52EBFB}</UniqueIdentifier>
      <Extensions>h;hpp;hxx;hm;inl;inc;xsd</Extensions>
    </Filter>
    <Filter Include="资源文件">
      <UniqueIdentifier>{67DA6AB6-F800-4c08-8B7A-83BB121AAD01}</UniqueIdentifier>
      <Extensions>rc;ico;cur;bmp;dlg;rc2;rct;bin;rgs;gif;jpg;jpeg;jpe;resx;tiff;tif;png;wav</Extensions>
    </Filter>
    <Filter Include="源文件\tlib">
      <UniqueIdentifier>{1b0c2642-ff3e-499f-af73-1b180c0785a4}</UniqueIdentifier>
    </Filter>
    <Filter Include="头文件\tlib">
      <UniqueIdentifier>{f8ac42b8-a202-4f12-8caf-a6bf5dbb4071}</UniqueIdentifier>
    </Filter>
    <Filter Include="源文件\MiscFuncs">
      <UniqueIdentifier>{79d1a900-c835-40ad-ba1e-00ec234f8731}</UniqueIdentifier>
    </Filter>
    <Filter Include="头文件\MiscFuncs">
      <UniqueIdentifier>{489345cc-453c-4390-9568-149e5e7158f9}</UniqueIdentifier>
    </Filter>
    <Filter Include="头文件\decode_dds">
      <UniqueIdentifier>{e285f6cc-c0da-4b77-b9f0-8ade51a52d0c}</UniqueIdentifier>
    </Filter>
    <Filter Include="源文件\decode_dds">
      <UniqueIdentifier>{579fc46f-f0d2-448f-8b8a-c984c9d2ae9d}</UniqueIdentifier>
    </Filter>
  </ItemGroup>
  <ItemGroup>
    <ClCompile Include="winmain.cpp">
      <Filter>源文件</Filter>
    </ClCompile>
    <ClCompile Include="helpfunc.cpp">
      <Filter>源文件</Filter>
    </ClCompile>
    <ClCompile Include="mainfunc.cpp">
      <Filter>源文件</Filter>
    </ClCompile>
    <ClCompile Include="threadproc.cpp">
      <Filter>源文件</Filter>
    </ClCompile>
    <ClCompile Include="..\tlib\tapi32ex.cpp">
      <Filter>源文件\tlib</Filter>
    </ClCompile>
    <ClCompile Include="..\tlib\tapp.cpp">
      <Filter>源文件\tlib</Filter>
    </ClCompile>
    <ClCompile Include="..\tlib\tdlg.cpp">
      <Filter>源文件\tlib</Filter>
    </ClCompile>
    <ClCompile Include="..\tlib\tmisc.cpp">
      <Filter>源文件\tlib</Filter>
    </ClCompile>
    <ClCompile Include="..\tlib\twin.cpp">
      <Filter>源文件\tlib</Filter>
    </ClCompile>
    <ClCompile Include="guirelated.cpp">
      <Filter>源文件</Filter>
    </ClCompile>
    <ClCompile Include="..\tlib\tapi32u8.cpp">
      <Filter>源文件\tlib</Filter>
    </ClCompile>
    <ClCompile Include="..\tlib\tini.cpp">
      <Filter>源文件\tlib</Filter>
    </ClCompile>
    <ClCompile Include="..\tlib\tlist.cpp">
      <Filter>源文件\tlib</Filter>
    </ClCompile>
    <ClCompile Include="..\tlib\tregist.cpp">
      <Filter>源文件\tlib</Filter>
    </ClCompile>
    <ClCompile Include="listViewFunc.cpp">
      <Filter>源文件</Filter>
    </ClCompile>
    <ClCompile Include="tLogDlg.cpp">
      <Filter>源文件</Filter>
    </ClCompile>
    <ClCompile Include="tInfoDlg.cpp">
      <Filter>源文件</Filter>
    </ClCompile>
    <ClCompile Include="tSearchDlg.cpp">
      <Filter>源文件</Filter>
    </ClCompile>
    <ClCompile Include="tCompressOptDlg.cpp">
      <Filter>源文件</Filter>
    </ClCompile>
    <ClCompile Include="tViewDlg.cpp">
      <Filter>源文件</Filter>
    </ClCompile>
    <ClCompile Include="tAttrDlg.cpp">
      <Filter>源文件</Filter>
    </ClCompile>
    <ClCompile Include="tPicDlg.cpp">
      <Filter>源文件</Filter>
    </ClCompile>
    <ClCompile Include="tRebuildOptDlg.cpp">
      <Filter>源文件</Filter>
    </ClCompile>
    <ClCompile Include="..\MiscFuncs\Raw2HexString.cpp">
      <Filter>源文件\MiscFuncs</Filter>
    </ClCompile>
    <ClCompile Include="..\MiscFuncs\CharsCodeConv.cpp">
      <Filter>源文件\MiscFuncs</Filter>
    </ClCompile>
    <ClCompile Include="..\MiscFuncs\OpenSaveDlg.cpp">
      <Filter>源文件\MiscFuncs</Filter>
    </ClCompile>
    <ClCompile Include="..\MiscFuncs\GetDragPath.cpp">
      <Filter>源文件\MiscFuncs</Filter>
    </ClCompile>
    <ClCompile Include="decode_dds\DDSTextureLoader.cpp">
      <Filter>源文件\decode_dds</Filter>
    </ClCompile>
    <ClCompile Include="decode_dds\ShowPicture.cpp">
      <Filter>源文件\decode_dds</Filter>
    </ClCompile>
    <ClCompile Include="decode_dds\SavePicture.cpp">
      <Filter>源文件\decode_dds</Filter>
    </ClCompile>
    <ClCompile Include="decode_dds\DrawPicture.cpp">
      <Filter>源文件\decode_dds</Filter>
    </ClCompile>
    <ClCompile Include="decode_dds\DdsTgaDecoder.cpp">
      <Filter>源文件\decode_dds</Filter>
    </ClCompile>
    <ClCompile Include="decode_dds\DdsTgaDecoderDetectFormat.cpp">
      <Filter>源文件\decode_dds</Filter>
    </ClCompile>
    <ClCompile Include="decode_dds\DdsTgaDecoderBuildDIB.cpp">
      <Filter>源文件\decode_dds</Filter>
    </ClCompile>
    <ClCompile Include="decode_dds\ShowPictureWithZoom.cpp">
      <Filter>源文件\decode_dds</Filter>
    </ClCompile>
    <ClCompile Include="..\MiscFuncs\StopWatch.cpp">
      <Filter>源文件\MiscFuncs</Filter>
    </ClCompile>
    <ClCompile Include="..\MiscFuncs\COpenFileListener.cpp">
      <Filter>源文件\MiscFuncs</Filter>
    </ClCompile>
    <ClCompile Include="MenuButtonFuncs.cpp">
      <Filter>源文件</Filter>
    </ClCompile>
    <ClCompile Include="ShowLogOnDlgListView.cpp">
      <Filter>源文件</Filter>
    </ClCompile>
    <ClCompile Include="tStripDlg.cpp">
      <Filter>源文件</Filter>
    </ClCompile>
    <ClCompile Include="tPreviewDlg.cpp">
      <Filter>源文件</Filter>
    </ClCompile>
    <ClCompile Include="mainControlStatus.cpp">
      <Filter>源文件</Filter>
    </ClCompile>
  </ItemGroup>
  <ItemGroup>
    <ResourceCompile Include="WinPCK.rc">
      <Filter>源文件</Filter>
    </ResourceCompile>
  </ItemGroup>
  <ItemGroup>
    <ClInclude Include="resource.h">
      <Filter>头文件</Filter>
    </ClInclude>
    <ClInclude Include="winmain.h">
      <Filter>头文件</Filter>
    </ClInclude>
    <ClInclude Include="miscdlg.h">
      <Filter>头文件</Filter>
    </ClInclude>
    <ClInclude Include="globals.h">
      <Filter>头文件</Filter>
    </ClInclude>
    <ClInclude Include="..\tlib\tapi32ex.h">
      <Filter>头文件\tlib</Filter>
    </ClInclude>
    <ClInclude Include="..\tlib\tapi32u8.h">
      <Filter>头文件\tlib</Filter>
    </ClInclude>
    <ClInclude Include="..\tlib\tconf.h">
      <Filter>头文件\tlib</Filter>
    </ClInclude>
    <ClInclude Include="..\tlib\tini.h">
      <Filter>头文件\tlib</Filter>
    </ClInclude>
    <ClInclude Include="..\tlib\tlib.h">
      <Filter>头文件\tlib</Filter>
    </ClInclude>
    <ClInclude Include="..\tlib\tlist.h">
      <Filter>头文件\tlib</Filter>
    </ClInclude>
    <ClInclude Include="..\tlib\tregist.h">
      <Filter>头文件\tlib</Filter>
    </ClInclude>
    <ClInclude Include="..\MiscFuncs\Raw2HexString.h">
      <Filter>头文件\MiscFuncs</Filter>
    </ClInclude>
    <ClInclude Include="..\MiscFuncs\CharsCodeConv.h">
      <Filter>头文件\MiscFuncs</Filter>
    </ClInclude>
    <ClInclude Include="..\MiscFuncs\OpenSaveDlg.h">
      <Filter>头文件\MiscFuncs</Filter>
    </ClInclude>
    <ClInclude Include="..\tlib\tDebug.h">
      <Filter>头文件\tlib</Filter>
    </ClInclude>
    <ClInclude Include="..\MiscFuncs\GetDragPath.h">
      <Filter>头文件\MiscFuncs</Filter>
    </ClInclude>
    <ClInclude Include="decode_dds\DDS.h">
      <Filter>头文件\decode_dds</Filter>
    </ClInclude>
    <ClInclude Include="decode_dds\DDSTextureLoader.h">
      <Filter>头文件\decode_dds</Filter>
    </ClInclude>
    <ClInclude Include="decode_dds\dxgiformat.h">
      <Filter>头文件\decode_dds</Filter>
    </ClInclude>
    <ClInclude Include="decode_dds\ShowPicture.h">
      <Filter>头文件\decode_dds</Filter>
    </ClInclude>
    <ClInclude Include="decode_dds\DdsTgaDecoder.h">
      <Filter>头文件\decode_dds</Filter>
    </ClInclude>
    <ClInclude Include="decode_dds\DdsTgaDecoderDefine.h">
      <Filter>头文件\decode_dds</Filter>
    </ClInclude>
    <ClInclude Include="decode_dds\ShowPictureWithZoom.h">
      <Filter>头文件\decode_dds</Filter>
    </ClInclude>
    <ClInclude Include="..\MiscFuncs\StopWatch.h">
      <Filter>头文件\MiscFuncs</Filter>
    </ClInclude>
    <ClInclude Include="..\MiscFuncs\COpenFileListener.h">
      <Filter>头文件\MiscFuncs</Filter>
    </ClInclude>
    <ClInclude Include="..\PckDll\pck_handle.h">
      <Filter>头文件</Filter>
    </ClInclude>
    <ClInclude Include="ShowLogOnDlgListView.h">
      <Filter>头文件</Filter>
    </ClInclude>
    <ClInclude Include="tLogDlg.h">
      <Filter>头文件</Filter>
    </ClInclude>
    <ClInclude Include="tPreviewDlg.h">
      <Filter>头文件</Filter>
    </ClInclude>
  </ItemGroup>
  <ItemGroup>
    <None Include="icons\file.ico">
      <Filter>资源文件</Filter>
    </None>
    <None Include="icons\dir.ico">
      <Filter>资源文件</Filter>
    </None>
    <None Include="icons\chinaz1.ico">
      <Filter>资源文件</Filter>
    </None>
    <None Include="icons\edit.ico">
      <Filter>资源文件</Filter>
    </None>
    <None Include="icons\edit_add.ico">
      <Filter>资源文件</Filter>
    </None>
    <None Include="icons\fileclose.ico">
      <Filter>资源文件</Filter>
    </None>
    <None Include="icons\filenew.ico">
      <Filter>资源文件</Filter>
    </None>
    <None Include="icons\fileopen.ico">
      <Filter>资源文件</Filter>
    </None>
    <None Include="icons\filesave.ico">
      <Filter>资源文件</Filter>
    </None>
    <None Include="icons\info.ico">
      <Filter>资源文件</Filter>
    </None>
    <None Include="icons\lin_agt_wrench.ico">
      <Filter>资源文件</Filter>
    </None>
    <None Include="icons\rebuild.ico">
      <Filter>资源文件</Filter>
    </None>
    <None Include="icons\save_all.ico">
      <Filter>资源文件</Filter>
    </None>
    <None Include="icons\search.ico">
      <Filter>资源文件</Filter>
    </None>
    <None Include="icons\exit.ico">
      <Filter>资源文件</Filter>
    </None>
    <None Include="icons\stop.ico">
      <Filter>资源文件</Filter>
    </None>
    <None Include="icons\DROP.cur">
      <Filter>资源文件</Filter>
    </None>
    <None Include="icons\logerror.ico">
      <Filter>资源文件</Filter>
    </None>
    <None Include="icons\loginfo.ico">
      <Filter>资源文件</Filter>
    </None>
    <None Include="icons\logwarning.ico">
      <Filter>资源文件</Filter>
    </None>
    <None Include="icons\logdebug.ico">
      <Filter>资源文件</Filter>
    </None>
  </ItemGroup>
  <ItemGroup>
    <Manifest Include="X86-64.manifest" />
  </ItemGroup>
</Project>