<?xml version="1.0" encoding="utf-8"?>
<Project ToolsVersion="4.0" xmlns="http://schemas.microsoft.com/developer/msbuild/2003">
  <ItemGroup>
    <Filter Include="源文件">
      <UniqueIdentifier>{4FC737F1-C7A5-4376-A066-2A32D7520000}</UniqueIdentifier>
      <Extensions>cpp;c;cc;cxx;c++;cppm;ixx;def;odl;idl;hpj;bat;asm;asmx</Extensions>
    </Filter>
    <Filter Include="头文件">
      <UniqueIdentifier>{93995380-89BD-4b04-88EB-625FBE520000}</UniqueIdentifier>
      <Extensions>h;hh;hpp;hxx;h++;hm;inl;inc;ipp;xsd</Extensions>
    </Filter>
    <Filter Include="资源文件">
      <UniqueIdentifier>{67DA6AB6-F800-4c08-8B7A-83BB121A0000}</UniqueIdentifier>
      <Extensions>rc;ico;cur;bmp;dlg;rc2;rct;bin;rgs;gif;jpg;jpeg;jpe;resx;tiff;tif;png;wav;mfcribbon-ms</Extensions>
    </Filter>
    <Filter Include="头文件\include">
      <UniqueIdentifier>{80f1ee09-c65c-4c11-88be-684ac599992c}</UniqueIdentifier>
    </Filter>
    <Filter Include="头文件\include\spdlog">
      <UniqueIdentifier>{55b85d31-1939-4063-a96d-783e4390c60e}</UniqueIdentifier>
    </Filter>
  </ItemGroup>
  <ItemGroup>
    <ClInclude Include="include\spdlog\async.h">
      <Filter>头文件\include\spdlog</Filter>
    </ClInclude>
    <ClInclude Include="include\spdlog\async_logger.h">
      <Filter>头文件\include\spdlog</Filter>
    </ClInclude>
    <ClInclude Include="include\spdlog\async_logger-inl.h">
      <Filter>头文件\include\spdlog</Filter>
    </ClInclude>
    <ClInclude Include="include\spdlog\common.h">
      <Filter>头文件\include\spdlog</Filter>
    </ClInclude>
    <ClInclude Include="include\spdlog\common-inl.h">
      <Filter>头文件\include\spdlog</Filter>
    </ClInclude>
    <ClInclude Include="include\spdlog\formatter.h">
      <Filter>头文件\include\spdlog</Filter>
    </ClInclude>
    <ClInclude Include="include\spdlog\fwd.h">
      <Filter>头文件\include\spdlog</Filter>
    </ClInclude>
    <ClInclude Include="include\spdlog\logger.h">
      <Filter>头文件\include\spdlog</Filter>
    </ClInclude>
    <ClInclude Include="include\spdlog\logger-inl.h">
      <Filter>头文件\include\spdlog</Filter>
    </ClInclude>
    <ClInclude Include="include\spdlog\pattern_formatter.h">
      <Filter>头文件\include\spdlog</Filter>
    </ClInclude>
    <ClInclude Include="include\spdlog\pattern_formatter-inl.h">
      <Filter>头文件\include\spdlog</Filter>
    </ClInclude>
    <ClInclude Include="include\spdlog\spdlog.h">
      <Filter>头文件\include\spdlog</Filter>
    </ClInclude>
    <ClInclude Include="include\spdlog\spdlog-inl.h">
      <Filter>头文件\include\spdlog</Filter>
    </ClInclude>
    <ClInclude Include="include\spdlog\stopwatch.h">
      <Filter>头文件\include\spdlog</Filter>
    </ClInclude>
    <ClInclude Include="include\spdlog\tweakme.h">
      <Filter>头文件\include\spdlog</Filter>
    </ClInclude>
    <ClInclude Include="include\spdlog\version.h">
      <Filter>头文件\include\spdlog</Filter>
    </ClInclude>
  </ItemGroup>
  <ItemGroup>
    <ClCompile Include="src\async.cpp">
      <Filter>源文件</Filter>
    </ClCompile>
    <ClCompile Include="src\cfg.cpp">
      <Filter>源文件</Filter>
    </ClCompile>
    <ClCompile Include="src\color_sinks.cpp">
      <Filter>源文件</Filter>
    </ClCompile>
    <ClCompile Include="src\file_sinks.cpp">
      <Filter>源文件</Filter>
    </ClCompile>
    <ClCompile Include="src\spdlog.cpp">
      <Filter>源文件</Filter>
    </ClCompile>
    <ClCompile Include="src\stdout_sinks.cpp">
      <Filter>源文件</Filter>
    </ClCompile>
    <ClCompile Include="src\bundled_fmtlib_format.cpp">
      <Filter>源文件</Filter>
    </ClCompile>
  </ItemGroup>
</Project>